
Microsoft Visual Studio Solution File, Format Version 12.00
# Visual Studio Version 16
VisualStudioVersion = 16.0.31205.134
MinimumVisualStudioVersion = 10.0.40219.1
Project("{2150E333-8FDC-42A3-9474-1A3956D46DE8}") = "01 - SRP", "01 - SRP", "{CF3FB51B-D150-44B3-9E3F-42D312652E85}"
EndProject
Project("{FAE04EC0-301F-11D3-BF4B-00C04F79EFBC}") = "Solid.SRP.Anti.Padrao", "Solid.SRP.Anti.Padrao\Solid.SRP.Anti.Padrao.csproj", "{C4CAFA54-5599-4F82-B0F5-9AB24CE162AD}"
EndProject
Project("{FAE04EC0-301F-11D3-BF4B-00C04F79EFBC}") = "Solid.SRP.Refatorado", "Solid.SRP.Refatorado\Solid.SRP.Refatorado.csproj", "{5564D244-FAD3-4614-9302-C4FCE01FE255}"
EndProject
Project("{2150E333-8FDC-42A3-9474-1A3956D46DE8}") = "02 - OCP", "02 - OCP", "{FA4FE5C7-1466-443C-96F8-058094CF6A04}"
EndProject
Project("{FAE04EC0-301F-11D3-BF4B-00C04F79EFBC}") = "Solid.OCP.Anti.Padrao", "Solid.OCP.Anti.Padrao\Solid.OCP.Anti.Padrao.csproj", "{CA5F8173-A736-4726-8032-2D29B61D0C5B}"
EndProject
Project("{FAE04EC0-301F-11D3-BF4B-00C04F79EFBC}") = "Solid.OCP.Refatorado", "Solid.OPC.Refatorado\Solid.OCP.Refatorado.csproj", "{496DDADC-98C9-4D89-BAE8-6A5EA31C6D9B}"
EndProject
Project("{2150E333-8FDC-42A3-9474-1A3956D46DE8}") = "03 - LSP", "03 - LSP", "{EABF7F92-2F65-4829-8FF3-748E49F3DB2A}"
EndProject
Project("{FAE04EC0-301F-11D3-BF4B-00C04F79EFBC}") = "Solid.LSP.Anti.Padrao", "Solid.LSP.Anti.Padrao\Solid.LSP.Anti.Padrao.csproj", "{5137A67B-EB37-4BAD-96E2-216B7FD857DA}"
EndProject
Project("{FAE04EC0-301F-11D3-BF4B-00C04F79EFBC}") = "Solid.LSP.Refatorado", "Solid.LSP.Refatorado\Solid.LSP.Refatorado.csproj", "{23478ED6-0FF1-4650-9474-204FB6C3E873}"
EndProject
Project("{2150E333-8FDC-42A3-9474-1A3956D46DE8}") = "04 - ISP", "04 - ISP", "{9D59351B-1F40-4DDC-B70B-052DED57678F}"
EndProject
Project("{FAE04EC0-301F-11D3-BF4B-00C04F79EFBC}") = "Solid.ISP.Anti.Padrao", "Solid.ISP.Anti.Padrao\Solid.ISP.Anti.Padrao.csproj", "{998AC5F8-FE32-4105-B0B2-C5D2A1C9714B}"
EndProject
Project("{FAE04EC0-301F-11D3-BF4B-00C04F79EFBC}") = "Solid.ISP.Refatoracao", "Solid.ISP.Refatoracao\Solid.ISP.Refatoracao.csproj", "{4D39CAE3-96DB-4903-B7D4-E443D870E502}"
EndProject
Project("{2150E333-8FDC-42A3-9474-1A3956D46DE8}") = "05 - DIP", "05 - DIP", "{9DD4740A-D867-4A94-9D67-D6A36D97198B}"
EndProject
Global
	GlobalSection(SolutionConfigurationPlatforms) = preSolution
		Debug|Any CPU = Debug|Any CPU
		Release|Any CPU = Release|Any CPU
	EndGlobalSection
	GlobalSection(ProjectConfigurationPlatforms) = postSolution
		{C4CAFA54-5599-4F82-B0F5-9AB24CE162AD}.Debug|Any CPU.ActiveCfg = Debug|Any CPU
		{C4CAFA54-5599-4F82-B0F5-9AB24CE162AD}.Debug|Any CPU.Build.0 = Debug|Any CPU
		{C4CAFA54-5599-4F82-B0F5-9AB24CE162AD}.Release|Any CPU.ActiveCfg = Release|Any CPU
		{C4CAFA54-5599-4F82-B0F5-9AB24CE162AD}.Release|Any CPU.Build.0 = Release|Any CPU
		{5564D244-FAD3-4614-9302-C4FCE01FE255}.Debug|Any CPU.ActiveCfg = Debug|Any CPU
		{5564D244-FAD3-4614-9302-C4FCE01FE255}.Debug|Any CPU.Build.0 = Debug|Any CPU
		{5564D244-FAD3-4614-9302-C4FCE01FE255}.Release|Any CPU.ActiveCfg = Release|Any CPU
		{5564D244-FAD3-4614-9302-C4FCE01FE255}.Release|Any CPU.Build.0 = Release|Any CPU
		{CA5F8173-A736-4726-8032-2D29B61D0C5B}.Debug|Any CPU.ActiveCfg = Debug|Any CPU
		{CA5F8173-A736-4726-8032-2D29B61D0C5B}.Debug|Any CPU.Build.0 = Debug|Any CPU
		{CA5F8173-A736-4726-8032-2D29B61D0C5B}.Release|Any CPU.ActiveCfg = Release|Any CPU
		{CA5F8173-A736-4726-8032-2D29B61D0C5B}.Release|Any CPU.Build.0 = Release|Any CPU
		{496DDADC-98C9-4D89-BAE8-6A5EA31C6D9B}.Debug|Any CPU.ActiveCfg = Debug|Any CPU
		{496DDADC-98C9-4D89-BAE8-6A5EA31C6D9B}.Debug|Any CPU.Build.0 = Debug|Any CPU
		{496DDADC-98C9-4D89-BAE8-6A5EA31C6D9B}.Release|Any CPU.ActiveCfg = Release|Any CPU
		{496DDADC-98C9-4D89-BAE8-6A5EA31C6D9B}.Release|Any CPU.Build.0 = Release|Any CPU
		{5137A67B-EB37-4BAD-96E2-216B7FD857DA}.Debug|Any CPU.ActiveCfg = Debug|Any CPU
		{5137A67B-EB37-4BAD-96E2-216B7FD857DA}.Debug|Any CPU.Build.0 = Debug|Any CPU
		{5137A67B-EB37-4BAD-96E2-216B7FD857DA}.Release|Any CPU.ActiveCfg = Release|Any CPU
		{5137A67B-EB37-4BAD-96E2-216B7FD857DA}.Release|Any CPU.Build.0 = Release|Any CPU
		{23478ED6-0FF1-4650-9474-204FB6C3E873}.Debug|Any CPU.ActiveCfg = Debug|Any CPU
		{23478ED6-0FF1-4650-9474-204FB6C3E873}.Debug|Any CPU.Build.0 = Debug|Any CPU
		{23478ED6-0FF1-4650-9474-204FB6C3E873}.Release|Any CPU.ActiveCfg = Release|Any CPU
		{23478ED6-0FF1-4650-9474-204FB6C3E873}.Release|Any CPU.Build.0 = Release|Any CPU
		{998AC5F8-FE32-4105-B0B2-C5D2A1C9714B}.Debug|Any CPU.ActiveCfg = Debug|Any CPU
		{998AC5F8-FE32-4105-B0B2-C5D2A1C9714B}.Debug|Any CPU.Build.0 = Debug|Any CPU
		{998AC5F8-FE32-4105-B0B2-C5D2A1C9714B}.Release|Any CPU.ActiveCfg = Release|Any CPU
		{998AC5F8-FE32-4105-B0B2-C5D2A1C9714B}.Release|Any CPU.Build.0 = Release|Any CPU
		{4D39CAE3-96DB-4903-B7D4-E443D870E502}.Debug|Any CPU.ActiveCfg = Debug|Any CPU
		{4D39CAE3-96DB-4903-B7D4-E443D870E502}.Debug|Any CPU.Build.0 = Debug|Any CPU
		{4D39CAE3-96DB-4903-B7D4-E443D870E502}.Release|Any CPU.ActiveCfg = Release|Any CPU
		{4D39CAE3-96DB-4903-B7D4-E443D870E502}.Release|Any CPU.Build.0 = Release|Any CPU
	EndGlobalSection
	GlobalSection(SolutionProperties) = preSolution
		HideSolutionNode = FALSE
	EndGlobalSection
	GlobalSection(NestedProjects) = preSolution
		{C4CAFA54-5599-4F82-B0F5-9AB24CE162AD} = {CF3FB51B-D150-44B3-9E3F-42D312652E85}
		{5564D244-FAD3-4614-9302-C4FCE01FE255} = {CF3FB51B-D150-44B3-9E3F-42D312652E85}
		{CA5F8173-A736-4726-8032-2D29B61D0C5B} = {FA4FE5C7-1466-443C-96F8-058094CF6A04}
		{496DDADC-98C9-4D89-BAE8-6A5EA31C6D9B} = {FA4FE5C7-1466-443C-96F8-058094CF6A04}
		{5137A67B-EB37-4BAD-96E2-216B7FD857DA} = {EABF7F92-2F65-4829-8FF3-748E49F3DB2A}
		{23478ED6-0FF1-4650-9474-204FB6C3E873} = {EABF7F92-2F65-4829-8FF3-748E49F3DB2A}
		{998AC5F8-FE32-4105-B0B2-C5D2A1C9714B} = {9D59351B-1F40-4DDC-B70B-052DED57678F}
		{4D39CAE3-96DB-4903-B7D4-E443D870E502} = {9D59351B-1F40-4DDC-B70B-052DED57678F}
	EndGlobalSection
	GlobalSection(ExtensibilityGlobals) = postSolution
		SolutionGuid = {5E776CCE-43ED-47CE-B131-12A25624D6AE}
	EndGlobalSection
EndGlobal
